
Microsoft Visual Studio Solution File, Format Version 12.00
# Visual Studio 2012
Project("{8BC9CEB8-8B4A-11D0-8D11-00A0C91BC942}") = "Common", "Common\Common.vcxproj", "{A4CFF000-9A0C-49F1-ABE1-D716923113F6}"
EndProject
Project("{8BC9CEB8-8B4A-11D0-8D11-00A0C91BC942}") = "Browser", "Browser\Browser.vcxproj", "{3E96F591-377C-427B-B88B-1B1544AFECEA}"
EndProject
Global
	GlobalSection(SolutionConfigurationPlatforms) = preSolution
		Debug|Win32 = Debug|Win32
		Release|Win32 = Release|Win32
	EndGlobalSection
	GlobalSection(ProjectConfigurationPlatforms) = postSolution
		{A4CFF000-9A0C-49F1-ABE1-D716923113F6}.Debug|Win32.ActiveCfg = Debug|Win32
		{A4CFF000-9A0C-49F1-ABE1-D716923113F6}.Debug|Win32.Build.0 = Debug|Win32
		{A4CFF000-9A0C-49F1-ABE1-D716923113F6}.Release|Win32.ActiveCfg = Release|Win32
		{A4CFF000-9A0C-49F1-ABE1-D716923113F6}.Release|Win32.Build.0 = Release|Win32
		{3E96F591-377C-427B-B88B-1B1544AFECEA}.Debug|Win32.ActiveCfg = Debug|Win32
		{3E96F591-377C-427B-B88B-1B1544AFECEA}.Debug|Win32.Build.0 = Debug|Win32
		{3E96F591-377C-427B-B88B-1B1544AFECEA}.Release|Win32.ActiveCfg = Release|Win32
		{3E96F591-377C-427B-B88B-1B1544AFECEA}.Release|Win32.Build.0 = Release|Win32
	EndGlobalSection
	GlobalSection(SolutionProperties) = preSolution
		HideSolutionNode = FALSE
	EndGlobalSection
EndGlobal
